[[package]]
name = "coverage"
version = "6.4.3"
requires_python = ">=3.7"
summary = "Code coverage measurement for Python"

[[package]]
name = "nose2"
version = "0.12.0"
summary = "unittest2 with plugins, the successor to nose"

[metadata]
lock_version = "4.0"
content_hash = "sha256:64d3da2da57496261296dc2a291573b44db47e47bf54103153c7b7422d289797"

[metadata.files]
"coverage 6.4.3" = [
    {url = "https://files.pythonhosted.org/packages/02/98/9fb7c1c92f4436117f345bcbbaaaf37af6730b991383b97353110dcdf1f8/coverage-6.4.3-cp39-cp39-macosx_11_0_arm64.whl", hash = "sha256:adf1a0d272633b21d645dd6e02e3293429c1141c7d65a58e4cbcd592d53b8e01"},
    {url = "https://files.pythonhosted.org/packages/07/5a/7df57ee2e70584a10a1355793fe2081a74b19753ecf5cdc0fdcf7a11dfb3/coverage-6.4.3-cp37-cp37m-win32.whl", hash = "sha256:ab9ef0187d6c62b09dec83a84a3b94f71f9690784c84fd762fb3cf2d2b44c914"},
    {url = "https://files.pythonhosted.org/packages/19/52/7056ae02fd4955ba1abe83ac72d33511d5fd2e41c0a906695aa558da6e7b/coverage-6.4.3-cp38-cp38-macosx_10_9_x86_64.whl", hash = "sha256:bc698580216050b5f4a34d2cdd2838b429c53314f1c4835fab7338200a8396f2"},
    {url = "https://files.pythonhosted.org/packages/1e/37/bd2cf47fe1de3b6b0fcbc6c9bbce5266a0d71c02c13244a08881a35cbdce/coverage-6.4.3-cp310-cp310-manylinux_2_5_x86_64.manylinux1_x86_64.manylinux_2_17_x86_64.manylinux2014_x86_64.whl", hash = "sha256:05de0762c1caed4a162b3e305f36cf20a548ff4da0be6766ad5c870704be3660"},
    {url = "https://files.pythonhosted.org/packages/1e/4d/684175a4945fd35964f3d2a4b66c6ca35b3b03741067d4e13cf79168d46a/coverage-6.4.3-cp38-cp38-win32.whl", hash = "sha256:ab2b1a89d2bc7647622e9eaf06128a5b5451dccf7c242deaa31420b055716481"},
    {url = "https://files.pythonhosted.org/packages/25/b2/26c5bf1497eaf14bbd9d9b93bcb4a947a58c2b57233799b2700f415ab7c9/coverage-6.4.3-cp39-cp39-musllinux_1_1_aarch64.whl", hash = "sha256:fc294de50941d3da66a09dca06e206297709332050973eca17040278cb0918ff"},
    {url = "https://files.pythonhosted.org/packages/32/c5/5e5833660ae06ecd7713ede0586329a827ed00d8b023513b6cee83713208/coverage-6.4.3-cp37-cp37m-musllinux_1_1_aarch64.whl", hash = "sha256:5a559aab40c716de80c7212295d0dc96bc1b6c719371c20dd18c5187c3155518"},
    {url = "https://files.pythonhosted.org/packages/3b/0e/650b185431a2bb03f580ae8fa042c7355468088a904d2000e7ff94c2dfb0/coverage-6.4.3-cp38-cp38-musllinux_1_1_i686.whl", hash = "sha256:411fdd9f4203afd93b056c0868c8f9e5e16813e765de962f27e4e5798356a052"},
    {url = "https://files.pythonhosted.org/packages/43/0e/47365f030698de2da986e4bdfba404a3613cba1db123d55fd3e923be0c00/coverage-6.4.3-cp37-cp37m-musllinux_1_1_i686.whl", hash = "sha256:306788fd019bb90e9cbb83d3f3c6becad1c048dd432af24f8320cf38ac085684"},
    {url = "https://files.pythonhosted.org/packages/46/b3/f31486b5e098c2a03f09b8033c3bd9df2ea63d7f6861dc55228cc4851321/coverage-6.4.3-cp310-cp310-win32.whl", hash = "sha256:73a10939dc345460ca0655356a470dd3de9759919186a82383c87b6eb315faf2"},
    {url = "https://files.pythonhosted.org/packages/4d/d4/d4b511312729be53ada212792315f179d721b317053e7d7fa8644c3df005/coverage-6.4.3-cp37-cp37m-manylinux_2_5_i686.manylinux1_i686.manylinux_2_17_i686.manylinux2014_i686.whl", hash = "sha256:d75314b00825d70e1e34b07396e23f47ed1d4feedc0122748f9f6bd31a544840"},
    {url = "https://files.pythonhosted.org/packages/53/af/cb876acef3823eb5af58ab5b9cc271a7054f5111d6ea669f0b6193b19707/coverage-6.4.3-cp39-cp39-win32.whl", hash = "sha256:f217850ac0e046ede611312703423767ca032a7b952b5257efac963942c055de"},
    {url = "https://files.pythonhosted.org/packages/55/23/ec5b740dfe79e9a5972873997d85e3d0b1d08b6d17fe69034a04916ec9d0/coverage-6.4.3-cp310-cp310-macosx_10_9_x86_64.whl", hash = "sha256:f50d3a822947572496ea922ee7825becd8e3ae6fbd2400cd8236b7d64b17f285"},
    {url = "https://files.pythonhosted.org/packages/5a/1a/d1df308a7d7c8077664a8e70e1a2cbca7d54497aa38f4d35b6178e6134fc/coverage-6.4.3-cp39-cp39-manylinux_2_5_i686.manylinux1_i686.manylinux_2_17_i686.manylinux2014_i686.whl", hash = "sha256:923f9084d7e1d31b5f74c92396b05b18921ed01ee5350402b561a79dce3ea48d"},
    {url = "https://files.pythonhosted.org/packages/72/bf/3896381becfd8ee66be4d4b65fbf354d91a51a0306b8bc8cddd91a3ae679/coverage-6.4.3.tar.gz", hash = "sha256:ec2ae1f398e5aca655b7084392d23e80efb31f7a660d2eecf569fb9f79b3fb94"},
    {url = "https://files.pythonhosted.org/packages/7a/26/df8dfdc984e2b528cd93328ac48ee076b595da6c56a24c2fcab152238f07/coverage-6.4.3-cp38-cp38-musllinux_1_1_aarch64.whl", hash = "sha256:7856ea39059d75f822ff0df3a51ea6d76307c897048bdec3aad1377e4e9dca20"},
    {url = "https://files.pythonhosted.org/packages/7c/2a/de52bb9187885bbf90fd89462d81ab28f9f40d090623491b80a8528a6910/coverage-6.4.3-cp38-cp38-macosx_11_0_arm64.whl", hash = "sha256:877ee5478fd78e100362aed56db47ccc5f23f6e7bb035a8896855f4c3e49bc9b"},
    {url = "https://files.pythonhosted.org/packages/8a/99/6f461039a3d1754604084a535965ad4e6ae6bbad4b191deaac22b5c02cf1/coverage-6.4.3-cp37-cp37m-macosx_10_9_x86_64.whl", hash = "sha256:f1eda5cae434282712e40b42aaf590b773382afc3642786ac3ed39053973f61f"},
    {url = "https://files.pythonhosted.org/packages/8d/57/fba4c25b70bdb40c992733d48d3740800dca1b927ec6a2b05d9fc992078f/coverage-6.4.3-cp38-cp38-manylinux_2_17_aarch64.manylinux2014_aarch64.whl", hash = "sha256:555a498999c44f5287cc95500486cd0d4f021af9162982cbe504d4cb388f73b5"},
    {url = "https://files.pythonhosted.org/packages/8f/d6/ceba88f2eaaeae2df31c54d4fa7faad2e7df54a1fcd6c4b0dddeb90a4ac5/coverage-6.4.3-cp38-cp38-musllinux_1_1_x86_64.whl", hash = "sha256:cdf7b83f04a313a21afb1f8730fe4dd09577fefc53bbdfececf78b2006f4268e"},
    {url = "https://files.pythonhosted.org/packages/a2/2d/f392e2d59f7ab0d0c6d6a6ced8bc63440c5e2e1b425545df95064fdb53d6/coverage-6.4.3-cp310-cp310-musllinux_1_1_x86_64.whl", hash = "sha256:a0d2df4227f645a879010461df2cea6b7e3fb5a97d7eafa210f7fb60345af9e8"},
    {url = "https://files.pythonhosted.org/packages/a5/6a/5a201c1b85c5c406c5ee5be4d17c223ad71a5f77937fe9a680b02e6a1fb3/coverage-6.4.3-cp39-cp39-manylinux_2_5_x86_64.manylinux1_x86_64.manylinux_2_17_x86_64.manylinux2014_x86_64.whl", hash = "sha256:e4d64304acf79766e650f7acb81d263a3ea6e2d0d04c5172b7189180ff2c023c"},
    {url = "https://files.pythonhosted.org/packages/a7/be/f8148ab0a34f180851a1751ed72c935a8f32d922037f34c3aa406fd70dc9/coverage-6.4.3-cp310-cp310-musllinux_1_1_aarch64.whl", hash = "sha256:0e3a41aad5919613483aad9ebd53336905cab1bd6788afd3995c2a972d89d795"},
    {url = "https://files.pythonhosted.org/packages/a8/50/ab9f27b02307d11ecb184efedd9e649459d6e17dd86bcf1025c52d5eb095/coverage-6.4.3-cp39-cp39-manylinux_2_17_aarch64.manylinux2014_aarch64.whl", hash = "sha256:ff9832434a9193fbd716fbe05f9276484e18d26cc4cf850853594bb322807ac3"},
    {url = "https://files.pythonhosted.org/packages/b0/9b/b80e3fc42f6942077551dbc593227c06354b5db446760e67ec6b61aa503d/coverage-6.4.3-cp39-cp39-macosx_10_9_x86_64.whl", hash = "sha256:b104b6b1827d6a22483c469e3983a204bcf9c6bf7544bf90362c4654ebc2edf3"},
    {url = "https://files.pythonhosted.org/packages/b2/89/e17f519b13d1c62a154485efdf547ca98d4179a4c3d97c5dbae7fb1c5fb5/coverage-6.4.3-cp310-cp310-manylinux_2_17_aarch64.manylinux2014_aarch64.whl", hash = "sha256:04010af3c06ce2bfeb3b1e4e05d136f88d88c25f76cd4faff5d1fd84d11581ea"},
    {url = "https://files.pythonhosted.org/packages/b9/1f/5704ce67cb66bc22e78e0e071ca1f8d136bb0d5abfc76fecaa24264323fd/coverage-6.4.3-cp310-cp310-macosx_11_0_arm64.whl", hash = "sha256:d5191d53afbe5b6059895fa7f58223d3751c42b8101fb3ce767e1a0b1a1d8f87"},
    {url = "https://files.pythonhosted.org/packages/c5/84/461934c8d3fe5f864ad35402de9fab652a6f6531752fbcb4101ed3985bac/coverage-6.4.3-cp310-cp310-manylinux_2_5_i686.manylinux1_i686.manylinux_2_17_i686.manylinux2014_i686.whl", hash = "sha256:6630d8d943644ea62132789940ca97d05fac83f73186eaf0930ffa715fbdab6b"},
    {url = "https://files.pythonhosted.org/packages/c8/0d/97f88053fa47b5736a5c80ce32757ab0b37d0b541fff5bf15bfda010b0f2/coverage-6.4.3-cp310-cp310-win_amd64.whl", hash = "sha256:53c8edd3b83a4ddba3d8c506f1359401e7770b30f2188f15c17a338adf5a14db"},
    {url = "https://files.pythonhosted.org/packages/d1/b1/4120b124e57d7da46a180b2065ca0061efa76ea83b1e8cd07989c8f7c401/coverage-6.4.3-cp38-cp38-manylinux_2_5_i686.manylinux1_i686.manylinux_2_17_i686.manylinux2014_i686.whl", hash = "sha256:eff095a5aac7011fdb51a2c82a8fae9ec5211577f4b764e1e59cfa27ceeb1b59"},
    {url = "https://files.pythonhosted.org/packages/d3/da/4f32b46ee7dc189aef756bcbf60c3ecdf18128b5c9bccfbde4a10fd38f55/coverage-6.4.3-cp38-cp38-manylinux_2_5_x86_64.manylinux1_x86_64.manylinux_2_17_x86_64.manylinux2014_x86_64.whl", hash = "sha256:5de1e9335e2569974e20df0ce31493d315a830d7987e71a24a2a335a8d8459d3"},
    {url = "https://files.pythonhosted.org/packages/d6/d6/448634e5818fda257cf64dfb004528e042138625c600b895a3c4e1f49eb5/coverage-6.4.3-cp38-cp38-win_amd64.whl", hash = "sha256:0e34247274bde982bbc613894d33f9e36358179db2ed231dd101c48dd298e7b0"},
    {url = "https://files.pythonhosted.org/packages/da/ab/64dbfdae362c6e2696c07d3ec19d4c00b10ca85a5430d7669e24fd58a6f4/coverage-6.4.3-cp39-cp39-musllinux_1_1_x86_64.whl", hash = "sha256:4822327b35cb032ff16af3bec27f73985448f08e874146b5b101e0e558b613dd"},
    {url = "https://files.pythonhosted.org/packages/df/83/194a9e576faebbf371338a461af5f5464cf7ec3c80ed616cd7f9f23a5040/coverage-6.4.3-pp36.pp37.pp38-none-any.whl", hash = "sha256:068d6f2a893af838291b8809c876973d885543411ea460f3e6886ac0ee941732"},
    {url = "https://files.pythonhosted.org/packages/e1/32/e4c1970794ff62fdf94182a68ebe9e8a96f4720659c0687122ca57087624/coverage-6.4.3-cp310-cp310-musllinux_1_1_i686.whl", hash = "sha256:a2738ba1ee544d6f294278cfb6de2dc1f9a737a780469b5366e662a218f806c3"},
    {url = "https://files.pythonhosted.org/packages/e2/db/2dcb6b3f1b91bc682e11f0231a5f7093ec2ddc847ad34ce87bab85eb3858/coverage-6.4.3-cp39-cp39-win_amd64.whl", hash = "sha256:0a84376e4fd13cebce2c0ef8c2f037929c8307fb94af1e5dbe50272a1c651b5d"},
    {url = "https://files.pythonhosted.org/packages/e3/82/82612958a937aaef699d8e7846a8f4302d3f63008990c83c6f62ce29632e/coverage-6.4.3-cp37-cp37m-win_amd64.whl", hash = "sha256:39ebd8e120cb77a06ee3d5fc26f9732670d1c397d7cd3acf02f6f62693b89b80"},
    {url = "https://files.pythonhosted.org/packages/e5/a5/f90ebe1d1f30b19fe185c784318e380e34cf6cbb11775f09399efd7bdfda/coverage-6.4.3-cp37-cp37m-manylinux_2_5_x86_64.manylinux1_x86_64.manylinux_2_17_x86_64.manylinux2014_x86_64.whl", hash = "sha256:52f8b9fcf3c5e427d51bbab1fb92b575a9a9235d516f175b24712bcd4b5be917"},
    {url = "https://files.pythonhosted.org/packages/ea/b5/f82e90416eed8bbb705f4ba3a1c5b1c1773060093e545af49e112e110518/coverage-6.4.3-cp37-cp37m-musllinux_1_1_x86_64.whl", hash = "sha256:920a734fe3d311ca01883b4a19aa386c97b82b69fbc023458899cff0a0d621b9"},
    {url = "https://files.pythonhosted.org/packages/ea/ff/bd5f5401d25b53dcf6e4da2e46cfb0e139bf3ddbf3468179af0319774e83/coverage-6.4.3-cp37-cp37m-manylinux_2_17_aarch64.manylinux2014_aarch64.whl", hash = "sha256:59fc88bc13e30f25167e807b8cad3c41b7218ef4473a20c86fd98a7968733083"},
    {url = "https://files.pythonhosted.org/packages/ee/1a/ea125bdde30f3d5089eda690de51ee07f1f8851c2e9b50c0ee10e3f1acda/coverage-6.4.3-cp39-cp39-musllinux_1_1_i686.whl", hash = "sha256:a42eaaae772f14a5194f181740a67bfd48e8806394b8c67aa4399e09d0d6b5db"},
]
"nose2 0.12.0" = [
    {url = "https://files.pythonhosted.org/packages/6e/0e/7c8c0ddf8a8adf1f2af273a25867c6edd479ca1ee59d5fa6edc70ec249b3/nose2-0.12.0.tar.gz", hash = "sha256:956e79b9bd558ee08b6200c05ad2c76465b7e3860c0c0537686089285c320113"},
    {url = "https://files.pythonhosted.org/packages/97/a8/f8dc7e6ad466dff6f1bf4d7f2d804e18b8d6804ccf22095e30ac184573d9/nose2-0.12.0-py2.py3-none-any.whl", hash = "sha256:da7eb5e3cbe2abb693a053e17b4fbefca98ea9ea79fc729b0b0f41e8b4196304"},
]
